
Microsoft Visual Studio Solution File, Format Version 12.00
# Visual Studio Version 17
VisualStudioVersion = 17.5.002.0
MinimumVisualStudioVersion = 10.0.40219.1
Project("{9A19103F-16F7-4668-BE54-9A1E7A4F7556}") = "Scaffolds", "Scaffolds.csproj", "{C2A397EC-FF28-408A-872E-CC7D4B549806}"
EndProject
Global
	GlobalSection(SolutionConfigurationPlatforms) = preSolution
		Debug|Any CPU = Debug|Any CPU
		Release|Any CPU = Release|Any CPU
	EndGlobalSection
	GlobalSection(ProjectConfigurationPlatforms) = postSolution
		{C2A397EC-FF28-408A-872E-CC7D4B549806}.Debug|Any CPU.ActiveCfg = Debug|Any CPU
		{C2A397EC-FF28-408A-872E-CC7D4B549806}.Debug|Any CPU.Build.0 = Debug|Any CPU
		{C2A397EC-FF28-408A-872E-CC7D4B549806}.Release|Any CPU.ActiveCfg = Release|Any CPU
		{C2A397EC-FF28-408A-872E-CC7D4B549806}.Release|Any CPU.Build.0 = Release|Any CPU
	EndGlobalSection
	GlobalSection(SolutionProperties) = preSolution
		HideSolutionNode = FALSE
	EndGlobalSection
	GlobalSection(ExtensibilityGlobals) = postSolution
		SolutionGuid = {C8598970-512C-4594-8FAC-585A8B2F4F09}
	EndGlobalSection
EndGlobal
